# @generated by Move, please check-in and do not edit manually.

[move]
version = 3
manifest_digest = "9F2DCB276182F862DA87A8302C23786BE0B41C4D7275453DAED99261EA2DF467"
deps_digest = "F8BBB0CCB2491CA29A3DF03D6F92277A4F3574266507ACD77214D37ECA3F3082"
dependencies = [
  { id = "Sui", name = "Sui" },
]

[[move.package]]
id = "MoveStdlib"
source = { git = "https://github.com/MystenLabs/sui.git", rev = "framework/devnet", subdir = "crates/sui-framework/packages/move-stdlib" }

[[move.package]]
id = "Sui"
source = { git = "https://github.com/MystenLabs/sui.git", rev = "framework/devnet", subdir = "crates/sui-framework/packages/sui-framework" }

dependencies = [
  { id = "MoveStdlib", name = "MoveStdlib" },
]

[move.toolchain-version]
compiler-version = "1.53.2"
edition = "2024"
flavor = "sui"

[env]

[env.testnet]
chain-id = "4c78adac"
original-published-id = "0x446169c9d81f2bc4899b0cadccb68dbee8018c74becbb46dfce3c0d2a72c2393"
latest-published-id = "0x446169c9d81f2bc4899b0cadccb68dbee8018c74becbb46dfce3c0d2a72c2393"
published-version = "1"

[env.devnet]
chain-id = "dac402e1"
original-published-id = "0x209e99efbe32067c068c5e8305c246fc42bff4c1763b9dc29213a711c7a55ded"
latest-published-id = "0x209e99efbe32067c068c5e8305c246fc42bff4c1763b9dc29213a711c7a55ded"
published-version = "1"
