# @generated by Move, please check-in and do not edit manually.

[move]
version = 3
manifest_digest = "7E98E8CB7A422F823D4ED77FDEEBC9A9ED2098892980AB66D1808B5CB281B909"
deps_digest = "F8BBB0CCB2491CA29A3DF03D6F92277A4F3574266507ACD77214D37ECA3F3082"
dependencies = [
  { id = "Sui", name = "Sui" },
]

[[move.package]]
id = "MoveStdlib"
source = { git = "https://github.com/MystenLabs/sui.git", rev = "framework/testnet", subdir = "crates/sui-framework/packages/move-stdlib" }

[[move.package]]
id = "Sui"
source = { git = "https://github.com/MystenLabs/sui.git", rev = "framework/testnet", subdir = "crates/sui-framework/packages/sui-framework" }

dependencies = [
  { id = "MoveStdlib", name = "MoveStdlib" },
]

[move.toolchain-version]
compiler-version = "1.53.2"
edition = "2024"
flavor = "sui"

[env]

[env.testnet]
chain-id = "4c78adac"
original-published-id = "0xa132039e77a3c0f86720fad230955c57406f79289b6caa672134e135b068358d"
latest-published-id = "0xa132039e77a3c0f86720fad230955c57406f79289b6caa672134e135b068358d"
published-version = "1"
